// !$*UTF8*$!
{
	archiveVersion = 1;
	classes = {
	};
	objectVersion = 63;
	objects = {

/* Begin PBXBuildFile section */
		044710FD2D4B4A660084B26E /* Color.swift in Sources */ = {isa = PBXBuildFile; fileRef = 044710FC2D4B4A660084B26E /* Color.swift */; };
		044711002D4B5C6C0084B26E /* KakaoLocalManager.swift in Sources */ = {isa = PBXBuildFile; fileRef = 044710FF2D4B5C6C0084B26E /* KakaoLocalManager.swift */; };
		044711032D4B63140084B26E /* KakaoLocalModel.swift in Sources */ = {isa = PBXBuildFile; fileRef = 044711022D4B63140084B26E /* KakaoLocalModel.swift */; };
		044711052D4B63500084B26E /* PlaceResponse.swift in Sources */ = {isa = PBXBuildFile; fileRef = 044711042D4B63500084B26E /* PlaceResponse.swift */; };
		044711072D4B63860084B26E /* KakaoLocalQuery.swift in Sources */ = {isa = PBXBuildFile; fileRef = 044711062D4B63860084B26E /* KakaoLocalQuery.swift */; };
		044711092D4B63F90084B26E /* KakaoTarget.swift in Sources */ = {isa = PBXBuildFile; fileRef = 044711082D4B63F90084B26E /* KakaoTarget.swift */; };
		045705532D466DB5000C4CBA /* API.swift in Sources */ = {isa = PBXBuildFile; fileRef = 045705522D466DB5000C4CBA /* API.swift */; };
		045705562D466E31000C4CBA /* NetworkManager.swift in Sources */ = {isa = PBXBuildFile; fileRef = 045705552D466E31000C4CBA /* NetworkManager.swift */; };
		045705582D466E85000C4CBA /* NetworkError.swift in Sources */ = {isa = PBXBuildFile; fileRef = 045705572D466E85000C4CBA /* NetworkError.swift */; };
		0457055A2D466F89000C4CBA /* ErrorType.swift in Sources */ = {isa = PBXBuildFile; fileRef = 045705592D466F89000C4CBA /* ErrorType.swift */; };
		0457055D2D467245000C4CBA /* TargetType.swift in Sources */ = {isa = PBXBuildFile; fileRef = 0457055C2D467245000C4CBA /* TargetType.swift */; };
		0457055F2D467261000C4CBA /* HTTPMethod.swift in Sources */ = {isa = PBXBuildFile; fileRef = 0457055E2D467261000C4CBA /* HTTPMethod.swift */; };
		0457056C2D467C4B000C4CBA /* AuthTarget.swift in Sources */ = {isa = PBXBuildFile; fileRef = 0457056B2D467C4B000C4CBA /* AuthTarget.swift */; };
		0457056E2D467C5F000C4CBA /* ChatTarget.swift in Sources */ = {isa = PBXBuildFile; fileRef = 0457056D2D467C5F000C4CBA /* ChatTarget.swift */; };
		045705702D467C6E000C4CBA /* PostTarget.swift in Sources */ = {isa = PBXBuildFile; fileRef = 0457056F2D467C6E000C4CBA /* PostTarget.swift */; };
		045705722D467C81000C4CBA /* UserTarget.swift in Sources */ = {isa = PBXBuildFile; fileRef = 045705712D467C81000C4CBA /* UserTarget.swift */; };
		045705752D467DFA000C4CBA /* MainTabView.swift in Sources */ = {isa = PBXBuildFile; fileRef = 045705742D467DFA000C4CBA /* MainTabView.swift */; };
		045705772D467EFF000C4CBA /* MainTabFeature.swift in Sources */ = {isa = PBXBuildFile; fileRef = 045705762D467EFF000C4CBA /* MainTabFeature.swift */; };
		0457057A2D475235000C4CBA /* EmailLoginBody.swift in Sources */ = {isa = PBXBuildFile; fileRef = 045705792D475235000C4CBA /* EmailLoginBody.swift */; };
		0457057C2D4752EA000C4CBA /* LoginView.swift in Sources */ = {isa = PBXBuildFile; fileRef = 0457057B2D4752EA000C4CBA /* LoginView.swift */; };
		045705802D475397000C4CBA /* LoginFeature.swift in Sources */ = {isa = PBXBuildFile; fileRef = 0457057F2D475397000C4CBA /* LoginFeature.swift */; };
		045705872D4753FD000C4CBA /* RoundButton.swift in Sources */ = {isa = PBXBuildFile; fileRef = 045705862D4753FD000C4CBA /* RoundButton.swift */; };
		0457058B2D4754E1000C4CBA /* UserClient.swift in Sources */ = {isa = PBXBuildFile; fileRef = 0457058A2D4754E1000C4CBA /* UserClient.swift */; };
		0457058D2D47561A000C4CBA /* EmailLoginResponse.swift in Sources */ = {isa = PBXBuildFile; fileRef = 0457058C2D47561A000C4CBA /* EmailLoginResponse.swift */; };
		0457058F2D476219000C4CBA /* RoundButtonModifier.swift in Sources */ = {isa = PBXBuildFile; fileRef = 0457058E2D476219000C4CBA /* RoundButtonModifier.swift */; };
		045705912D476374000C4CBA /* AppFeature.swift in Sources */ = {isa = PBXBuildFile; fileRef = 045705902D476374000C4CBA /* AppFeature.swift */; };
		04A39E4A2D4114E5007E3616 /* Preview Assets.xcassets in Resources */ = {isa = PBXBuildFile; fileRef = 04A39E442D4114E5007E3616 /* Preview Assets.xcassets */; };
		04A39E4B2D4114E5007E3616 /* Assets.xcassets in Resources */ = {isa = PBXBuildFile; fileRef = 04A39E462D4114E5007E3616 /* Assets.xcassets */; };
		04A39E4C2D4114E5007E3616 /* ContentView.swift in Sources */ = {isa = PBXBuildFile; fileRef = 04A39E472D4114E5007E3616 /* ContentView.swift */; };
		04A39E4D2D4114E5007E3616 /* TodaySpaceApp.swift in Sources */ = {isa = PBXBuildFile; fileRef = 04A39E482D4114E5007E3616 /* TodaySpaceApp.swift */; };
		04A39E502D41157D007E3616 /* ComposableArchitecture in Frameworks */ = {isa = PBXBuildFile; productRef = 04A39E4F2D41157D007E3616 /* ComposableArchitecture */; };
		04FBE0182D47714D004CCCE6 /* HomeView.swift in Sources */ = {isa = PBXBuildFile; fileRef = 04FBE0172D47714D004CCCE6 /* HomeView.swift */; };
		04FBE01D2D477181004CCCE6 /* HomeFeature.swift in Sources */ = {isa = PBXBuildFile; fileRef = 04FBE01C2D477181004CCCE6 /* HomeFeature.swift */; };
		04FBE0202D4777E2004CCCE6 /* MapView.swift in Sources */ = {isa = PBXBuildFile; fileRef = 04FBE01F2D4777E2004CCCE6 /* MapView.swift */; };
		04FBE0232D47782A004CCCE6 /* LocationManager.swift in Sources */ = {isa = PBXBuildFile; fileRef = 04FBE0222D47782A004CCCE6 /* LocationManager.swift */; };
		04FBE0252D477A59004CCCE6 /* MapMarker.swift in Sources */ = {isa = PBXBuildFile; fileRef = 04FBE0242D477A59004CCCE6 /* MapMarker.swift */; };
		04FBE0272D477A73004CCCE6 /* Triangle.swift in Sources */ = {isa = PBXBuildFile; fileRef = 04FBE0262D477A73004CCCE6 /* Triangle.swift */; };
		04FBE0322D48A4CD004CCCE6 /* UserDefaultsManager.swift in Sources */ = {isa = PBXBuildFile; fileRef = 04FBE0312D48A4CD004CCCE6 /* UserDefaultsManager.swift */; };
		04FBE0382D48A993004CCCE6 /* TokenResponse.swift in Sources */ = {isa = PBXBuildFile; fileRef = 04FBE0372D48A993004CCCE6 /* TokenResponse.swift */; };
		04FBE03A2D48AB38004CCCE6 /* AuthClient.swift in Sources */ = {isa = PBXBuildFile; fileRef = 04FBE0392D48AB38004CCCE6 /* AuthClient.swift */; };
		04FBE03F2D4921B8004CCCE6 /* WritePostView.swift in Sources */ = {isa = PBXBuildFile; fileRef = 04FBE03E2D4921B8004CCCE6 /* WritePostView.swift */; };
		04FBE0412D493B5F004CCCE6 /* WritePostFeature.swift in Sources */ = {isa = PBXBuildFile; fileRef = 04FBE0402D493B5F004CCCE6 /* WritePostFeature.swift */; };
/* End PBXBuildFile section */

/* Begin PBXFileReference section */
		044710FC2D4B4A660084B26E /* Color.swift */ = {isa = PBXFileReference; lastKnownFileType = sourcecode.swift; path = Color.swift; sourceTree = "<group>"; };
		044710FF2D4B5C6C0084B26E /* KakaoLocalManager.swift */ = {isa = PBXFileReference; lastKnownFileType = sourcecode.swift; path = KakaoLocalManager.swift; sourceTree = "<group>"; };
		044711022D4B63140084B26E /* KakaoLocalModel.swift */ = {isa = PBXFileReference; lastKnownFileType = sourcecode.swift; path = KakaoLocalModel.swift; sourceTree = "<group>"; };
		044711042D4B63500084B26E /* PlaceResponse.swift */ = {isa = PBXFileReference; lastKnownFileType = sourcecode.swift; path = PlaceResponse.swift; sourceTree = "<group>"; };
		044711062D4B63860084B26E /* KakaoLocalQuery.swift */ = {isa = PBXFileReference; lastKnownFileType = sourcecode.swift; path = KakaoLocalQuery.swift; sourceTree = "<group>"; };
		044711082D4B63F90084B26E /* KakaoTarget.swift */ = {isa = PBXFileReference; lastKnownFileType = sourcecode.swift; path = KakaoTarget.swift; sourceTree = "<group>"; };
		045705502D46656C000C4CBA /* API.xcconfig */ = {isa = PBXFileReference; lastKnownFileType = text.xcconfig; path = API.xcconfig; sourceTree = "<group>"; };
		045705512D4666C4000C4CBA /* Info.plist */ = {isa = PBXFileReference; lastKnownFileType = text.plist; path = Info.plist; sourceTree = "<group>"; };
		045705522D466DB5000C4CBA /* API.swift */ = {isa = PBXFileReference; lastKnownFileType = sourcecode.swift; path = API.swift; sourceTree = "<group>"; };
		045705552D466E31000C4CBA /* NetworkManager.swift */ = {isa = PBXFileReference; lastKnownFileType = sourcecode.swift; path = NetworkManager.swift; sourceTree = "<group>"; };
		045705572D466E85000C4CBA /* NetworkError.swift */ = {isa = PBXFileReference; lastKnownFileType = sourcecode.swift; path = NetworkError.swift; sourceTree = "<group>"; };
		045705592D466F89000C4CBA /* ErrorType.swift */ = {isa = PBXFileReference; lastKnownFileType = sourcecode.swift; path = ErrorType.swift; sourceTree = "<group>"; };
		0457055C2D467245000C4CBA /* TargetType.swift */ = {isa = PBXFileReference; lastKnownFileType = sourcecode.swift; path = TargetType.swift; sourceTree = "<group>"; };
		0457055E2D467261000C4CBA /* HTTPMethod.swift */ = {isa = PBXFileReference; lastKnownFileType = sourcecode.swift; path = HTTPMethod.swift; sourceTree = "<group>"; };
		0457056B2D467C4B000C4CBA /* AuthTarget.swift */ = {isa = PBXFileReference; lastKnownFileType = sourcecode.swift; path = AuthTarget.swift; sourceTree = "<group>"; };
		0457056D2D467C5F000C4CBA /* ChatTarget.swift */ = {isa = PBXFileReference; lastKnownFileType = sourcecode.swift; path = ChatTarget.swift; sourceTree = "<group>"; };
		0457056F2D467C6E000C4CBA /* PostTarget.swift */ = {isa = PBXFileReference; lastKnownFileType = sourcecode.swift; path = PostTarget.swift; sourceTree = "<group>"; };
		045705712D467C81000C4CBA /* UserTarget.swift */ = {isa = PBXFileReference; lastKnownFileType = sourcecode.swift; path = UserTarget.swift; sourceTree = "<group>"; };
		045705742D467DFA000C4CBA /* MainTabView.swift */ = {isa = PBXFileReference; lastKnownFileType = sourcecode.swift; path = MainTabView.swift; sourceTree = "<group>"; };
		045705762D467EFF000C4CBA /* MainTabFeature.swift */ = {isa = PBXFileReference; lastKnownFileType = sourcecode.swift; path = MainTabFeature.swift; sourceTree = "<group>"; };
		045705792D475235000C4CBA /* EmailLoginBody.swift */ = {isa = PBXFileReference; lastKnownFileType = sourcecode.swift; path = EmailLoginBody.swift; sourceTree = "<group>"; };
		0457057B2D4752EA000C4CBA /* LoginView.swift */ = {isa = PBXFileReference; lastKnownFileType = sourcecode.swift; path = LoginView.swift; sourceTree = "<group>"; };
		0457057F2D475397000C4CBA /* LoginFeature.swift */ = {isa = PBXFileReference; lastKnownFileType = sourcecode.swift; path = LoginFeature.swift; sourceTree = "<group>"; };
		045705862D4753FD000C4CBA /* RoundButton.swift */ = {isa = PBXFileReference; lastKnownFileType = sourcecode.swift; path = RoundButton.swift; sourceTree = "<group>"; };
		0457058A2D4754E1000C4CBA /* UserClient.swift */ = {isa = PBXFileReference; lastKnownFileType = sourcecode.swift; path = UserClient.swift; sourceTree = "<group>"; };
		0457058C2D47561A000C4CBA /* EmailLoginResponse.swift */ = {isa = PBXFileReference; lastKnownFileType = sourcecode.swift; path = EmailLoginResponse.swift; sourceTree = "<group>"; };
		0457058E2D476219000C4CBA /* RoundButtonModifier.swift */ = {isa = PBXFileReference; lastKnownFileType = sourcecode.swift; path = RoundButtonModifier.swift; sourceTree = "<group>"; };
		045705902D476374000C4CBA /* AppFeature.swift */ = {isa = PBXFileReference; lastKnownFileType = sourcecode.swift; path = AppFeature.swift; sourceTree = "<group>"; };
		04A39E332D4114DE007E3616 /* TodaySpace.app */ = {isa = PBXFileReference; explicitFileType = wrapper.application; includeInIndex = 0; path = TodaySpace.app; sourceTree = BUILT_PRODUCTS_DIR; };
		04A39E442D4114E5007E3616 /* Preview Assets.xcassets */ = {isa = PBXFileReference; lastKnownFileType = folder.assetcatalog; path = "Preview Assets.xcassets"; sourceTree = "<group>"; };
		04A39E462D4114E5007E3616 /* Assets.xcassets */ = {isa = PBXFileReference; lastKnownFileType = folder.assetcatalog; path = Assets.xcassets; sourceTree = "<group>"; };
		04A39E472D4114E5007E3616 /* ContentView.swift */ = {isa = PBXFileReference; lastKnownFileType = sourcecode.swift; path = ContentView.swift; sourceTree = "<group>"; };
		04A39E482D4114E5007E3616 /* TodaySpaceApp.swift */ = {isa = PBXFileReference; lastKnownFileType = sourcecode.swift; path = TodaySpaceApp.swift; sourceTree = "<group>"; };
		04FBE0172D47714D004CCCE6 /* HomeView.swift */ = {isa = PBXFileReference; lastKnownFileType = sourcecode.swift; path = HomeView.swift; sourceTree = "<group>"; };
		04FBE01C2D477181004CCCE6 /* HomeFeature.swift */ = {isa = PBXFileReference; lastKnownFileType = sourcecode.swift; path = HomeFeature.swift; sourceTree = "<group>"; };
		04FBE01F2D4777E2004CCCE6 /* MapView.swift */ = {isa = PBXFileReference; lastKnownFileType = sourcecode.swift; path = MapView.swift; sourceTree = "<group>"; };
		04FBE0222D47782A004CCCE6 /* LocationManager.swift */ = {isa = PBXFileReference; lastKnownFileType = sourcecode.swift; path = LocationManager.swift; sourceTree = "<group>"; };
		04FBE0242D477A59004CCCE6 /* MapMarker.swift */ = {isa = PBXFileReference; lastKnownFileType = sourcecode.swift; path = MapMarker.swift; sourceTree = "<group>"; };
		04FBE0262D477A73004CCCE6 /* Triangle.swift */ = {isa = PBXFileReference; lastKnownFileType = sourcecode.swift; path = Triangle.swift; sourceTree = "<group>"; };
		04FBE0312D48A4CD004CCCE6 /* UserDefaultsManager.swift */ = {isa = PBXFileReference; lastKnownFileType = sourcecode.swift; path = UserDefaultsManager.swift; sourceTree = "<group>"; };
		04FBE0372D48A993004CCCE6 /* TokenResponse.swift */ = {isa = PBXFileReference; lastKnownFileType = sourcecode.swift; path = TokenResponse.swift; sourceTree = "<group>"; };
		04FBE0392D48AB38004CCCE6 /* AuthClient.swift */ = {isa = PBXFileReference; lastKnownFileType = sourcecode.swift; path = AuthClient.swift; sourceTree = "<group>"; };
		04FBE03E2D4921B8004CCCE6 /* WritePostView.swift */ = {isa = PBXFileReference; lastKnownFileType = sourcecode.swift; path = WritePostView.swift; sourceTree = "<group>"; };
		04FBE0402D493B5F004CCCE6 /* WritePostFeature.swift */ = {isa = PBXFileReference; lastKnownFileType = sourcecode.swift; path = WritePostFeature.swift; sourceTree = "<group>"; };
/* End PBXFileReference section */

/* Begin PBXFrameworksBuildPhase section */
		04A39E302D4114DE007E3616 /* Frameworks */ = {
			isa = PBXFrameworksBuildPhase;
			buildActionMask = 2147483647;
			files = (
				04A39E502D41157D007E3616 /* ComposableArchitecture in Frameworks */,
			);
			runOnlyForDeploymentPostprocessing = 0;
		};
/* End PBXFrameworksBuildPhase section */

/* Begin PBXGroup section */
		044710FE2D4B4E4B0084B26E /* Resource */ = {
			isa = PBXGroup;
			children = (
				044710FC2D4B4A660084B26E /* Color.swift */,
			);
			path = Resource;
			sourceTree = "<group>";
		};
		044711012D4B5C700084B26E /* Kakao */ = {
			isa = PBXGroup;
			children = (
				044710FF2D4B5C6C0084B26E /* KakaoLocalManager.swift */,
				044711062D4B63860084B26E /* KakaoLocalQuery.swift */,
				044711022D4B63140084B26E /* KakaoLocalModel.swift */,
				044711042D4B63500084B26E /* PlaceResponse.swift */,
			);
			path = Kakao;
			sourceTree = "<group>";
		};
		045705542D466E26000C4CBA /* Network */ = {
			isa = PBXGroup;
			children = (
				045705552D466E31000C4CBA /* NetworkManager.swift */,
				045705732D467CA5000C4CBA /* Chore */,
				044711012D4B5C700084B26E /* Kakao */,
				045705892D4754DA000C4CBA /* Client */,
				045705602D46769F000C4CBA /* TargetType */,
				0457055B2D4671DE000C4CBA /* Error */,
			);
			path = Network;
			sourceTree = "<group>";
		};
		0457055B2D4671DE000C4CBA /* Error */ = {
			isa = PBXGroup;
			children = (
				045705572D466E85000C4CBA /* NetworkError.swift */,
				045705592D466F89000C4CBA /* ErrorType.swift */,
			);
			path = Error;
			sourceTree = "<group>";
		};
		045705602D46769F000C4CBA /* TargetType */ = {
			isa = PBXGroup;
			children = (
				0457056B2D467C4B000C4CBA /* AuthTarget.swift */,
				045705712D467C81000C4CBA /* UserTarget.swift */,
				0457056F2D467C6E000C4CBA /* PostTarget.swift */,
				0457056D2D467C5F000C4CBA /* ChatTarget.swift */,
				044711082D4B63F90084B26E /* KakaoTarget.swift */,
			);
			path = TargetType;
			sourceTree = "<group>";
		};
		045705732D467CA5000C4CBA /* Chore */ = {
			isa = PBXGroup;
			children = (
				045705522D466DB5000C4CBA /* API.swift */,
				0457055E2D467261000C4CBA /* HTTPMethod.swift */,
				0457055C2D467245000C4CBA /* TargetType.swift */,
			);
			path = Chore;
			sourceTree = "<group>";
		};
		045705782D47521D000C4CBA /* Data */ = {
			isa = PBXGroup;
			children = (
				045705792D475235000C4CBA /* EmailLoginBody.swift */,
				0457058C2D47561A000C4CBA /* EmailLoginResponse.swift */,
				04FBE0372D48A993004CCCE6 /* TokenResponse.swift */,
			);
			path = Data;
			sourceTree = "<group>";
		};
		0457057D2D475304000C4CBA /* App */ = {
			isa = PBXGroup;
			children = (
				04A39E482D4114E5007E3616 /* TodaySpaceApp.swift */,
				045705902D476374000C4CBA /* AppFeature.swift */,
			);
			path = App;
			sourceTree = "<group>";
		};
		0457057E2D47530F000C4CBA /* View */ = {
			isa = PBXGroup;
			children = (
				04FBE0192D477166004CCCE6 /* Auth */,
				04FBE01A2D477170004CCCE6 /* Main */,
				04FBE01B2D477179004CCCE6 /* Home */,
				04A39E472D4114E5007E3616 /* ContentView.swift */,
				04FBE01E2D4777D8004CCCE6 /* Map */,
			);
			path = View;
			sourceTree = "<group>";
		};
		045705812D4753C3000C4CBA /* Modifier */ = {
			isa = PBXGroup;
			children = (
				0457058E2D476219000C4CBA /* RoundButtonModifier.swift */,
			);
			path = Modifier;
			sourceTree = "<group>";
		};
		045705882D475406000C4CBA /* Components */ = {
			isa = PBXGroup;
			children = (
				045705862D4753FD000C4CBA /* RoundButton.swift */,
				04FBE0242D477A59004CCCE6 /* MapMarker.swift */,
				04FBE0262D477A73004CCCE6 /* Triangle.swift */,
			);
			path = Components;
			sourceTree = "<group>";
		};
		045705892D4754DA000C4CBA /* Client */ = {
			isa = PBXGroup;
			children = (
				0457058A2D4754E1000C4CBA /* UserClient.swift */,
				04FBE0392D48AB38004CCCE6 /* AuthClient.swift */,
			);
			path = Client;
			sourceTree = "<group>";
		};
		04A39E2A2D4114DE007E3616 = {
			isa = PBXGroup;
			children = (
				045705502D46656C000C4CBA /* API.xcconfig */,
				04A39E492D4114E5007E3616 /* TodaySpace */,
				04A39E342D4114DE007E3616 /* Products */,
			);
			sourceTree = "<group>";
		};
		04A39E342D4114DE007E3616 /* Products */ = {
			isa = PBXGroup;
			children = (
				04A39E332D4114DE007E3616 /* TodaySpace.app */,
			);
			name = Products;
			sourceTree = "<group>";
		};
		04A39E452D4114E5007E3616 /* Preview Content */ = {
			isa = PBXGroup;
			children = (
				04A39E442D4114E5007E3616 /* Preview Assets.xcassets */,
			);
			path = "Preview Content";
			sourceTree = "<group>";
		};
		04A39E492D4114E5007E3616 /* TodaySpace */ = {
			isa = PBXGroup;
			children = (
				045705512D4666C4000C4CBA /* Info.plist */,
				04FBE0312D48A4CD004CCCE6 /* UserDefaultsManager.swift */,
				044710FE2D4B4E4B0084B26E /* Resource */,
				045705812D4753C3000C4CBA /* Modifier */,
				045705882D475406000C4CBA /* Components */,
				045705782D47521D000C4CBA /* Data */,
				045705542D466E26000C4CBA /* Network */,
				0457057D2D475304000C4CBA /* App */,
				0457057E2D47530F000C4CBA /* View */,
				04A39E452D4114E5007E3616 /* Preview Content */,
				04A39E462D4114E5007E3616 /* Assets.xcassets */,
			);
			path = TodaySpace;
			sourceTree = "<group>";
		};
		04FBE0192D477166004CCCE6 /* Auth */ = {
			isa = PBXGroup;
			children = (
				0457057B2D4752EA000C4CBA /* LoginView.swift */,
				0457057F2D475397000C4CBA /* LoginFeature.swift */,
			);
			path = Auth;
			sourceTree = "<group>";
		};
		04FBE01A2D477170004CCCE6 /* Main */ = {
			isa = PBXGroup;
			children = (
				045705742D467DFA000C4CBA /* MainTabView.swift */,
				045705762D467EFF000C4CBA /* MainTabFeature.swift */,
			);
			path = Main;
			sourceTree = "<group>";
		};
		04FBE01B2D477179004CCCE6 /* Home */ = {
			isa = PBXGroup;
			children = (
				04FBE0172D47714D004CCCE6 /* HomeView.swift */,
				04FBE01C2D477181004CCCE6 /* HomeFeature.swift */,
				04FBE03D2D4921A1004CCCE6 /* Post */,
			);
			path = Home;
			sourceTree = "<group>";
		};
		04FBE01E2D4777D8004CCCE6 /* Map */ = {
			isa = PBXGroup;
			children = (
				04FBE01F2D4777E2004CCCE6 /* MapView.swift */,
				04FBE0222D47782A004CCCE6 /* LocationManager.swift */,
			);
			path = Map;
			sourceTree = "<group>";
		};
		04FBE03D2D4921A1004CCCE6 /* Post */ = {
			isa = PBXGroup;
			children = (
				04FBE03E2D4921B8004CCCE6 /* WritePostView.swift */,
				04FBE0402D493B5F004CCCE6 /* WritePostFeature.swift */,
			);
			path = Post;
			sourceTree = "<group>";
		};
/* End PBXGroup section */

/* Begin PBXNativeTarget section */
		04A39E322D4114DE007E3616 /* TodaySpace */ = {
			isa = PBXNativeTarget;
			buildConfigurationList = 04A39E412D4114E0007E3616 /* Build configuration list for PBXNativeTarget "TodaySpace" */;
			buildPhases = (
				04A39E2F2D4114DE007E3616 /* Sources */,
				04A39E302D4114DE007E3616 /* Frameworks */,
				04A39E312D4114DE007E3616 /* Resources */,
			);
			buildRules = (
			);
			dependencies = (
			);
			name = TodaySpace;
			packageProductDependencies = (
				04A39E4F2D41157D007E3616 /* ComposableArchitecture */,
			);
			productName = TodaySpace;
			productReference = 04A39E332D4114DE007E3616 /* TodaySpace.app */;
			productType = "com.apple.product-type.application";
		};
/* End PBXNativeTarget section */

/* Begin PBXProject section */
		04A39E2B2D4114DE007E3616 /* Project object */ = {
			isa = PBXProject;
			attributes = {
				BuildIndependentTargetsInParallel = 1;
				LastSwiftUpdateCheck = 1620;
				LastUpgradeCheck = 1620;
				TargetAttributes = {
					04A39E322D4114DE007E3616 = {
						CreatedOnToolsVersion = 16.2;
					};
				};
			};
			buildConfigurationList = 04A39E2E2D4114DE007E3616 /* Build configuration list for PBXProject "TodaySpace" */;
			compatibilityVersion = "Xcode 15.3";
			developmentRegion = en;
			hasScannedForEncodings = 0;
			knownRegions = (
				en,
				Base,
			);
			mainGroup = 04A39E2A2D4114DE007E3616;
			minimizedProjectReferenceProxies = 1;
			packageReferences = (
				04A39E4E2D41157D007E3616 /* XCRemoteSwiftPackageReference "swift-composable-architecture" */,
			);
			productRefGroup = 04A39E342D4114DE007E3616 /* Products */;
			projectDirPath = "";
			projectRoot = "";
			targets = (
				04A39E322D4114DE007E3616 /* TodaySpace */,
			);
		};
/* End PBXProject section */

/* Begin PBXResourcesBuildPhase section */
		04A39E312D4114DE007E3616 /* Resources */ = {
			isa = PBXResourcesBuildPhase;
			buildActionMask = 2147483647;
			files = (
				04A39E4A2D4114E5007E3616 /* Preview Assets.xcassets in Resources */,
				04A39E4B2D4114E5007E3616 /* Assets.xcassets in Resources */,
			);
			runOnlyForDeploymentPostprocessing = 0;
		};
/* End PBXResourcesBuildPhase section */

/* Begin PBXSourcesBuildPhase section */
		04A39E2F2D4114DE007E3616 /* Sources */ = {
			isa = PBXSourcesBuildPhase;
			buildActionMask = 2147483647;
			files = (
				044711002D4B5C6C0084B26E /* KakaoLocalManager.swift in Sources */,
				045705722D467C81000C4CBA /* UserTarget.swift in Sources */,
				0457058F2D476219000C4CBA /* RoundButtonModifier.swift in Sources */,
				045705912D476374000C4CBA /* AppFeature.swift in Sources */,
				044711092D4B63F90084B26E /* KakaoTarget.swift in Sources */,
				045705562D466E31000C4CBA /* NetworkManager.swift in Sources */,
				045705702D467C6E000C4CBA /* PostTarget.swift in Sources */,
				04A39E4C2D4114E5007E3616 /* ContentView.swift in Sources */,
				04FBE0382D48A993004CCCE6 /* TokenResponse.swift in Sources */,
				045705872D4753FD000C4CBA /* RoundButton.swift in Sources */,
				045705532D466DB5000C4CBA /* API.swift in Sources */,
				0457056C2D467C4B000C4CBA /* AuthTarget.swift in Sources */,
				04FBE01D2D477181004CCCE6 /* HomeFeature.swift in Sources */,
				04A39E4D2D4114E5007E3616 /* TodaySpaceApp.swift in Sources */,
				045705772D467EFF000C4CBA /* MainTabFeature.swift in Sources */,
				04FBE0232D47782A004CCCE6 /* LocationManager.swift in Sources */,
				04FBE0202D4777E2004CCCE6 /* MapView.swift in Sources */,
				045705752D467DFA000C4CBA /* MainTabView.swift in Sources */,
				0457055F2D467261000C4CBA /* HTTPMethod.swift in Sources */,
				0457055A2D466F89000C4CBA /* ErrorType.swift in Sources */,
				0457058B2D4754E1000C4CBA /* UserClient.swift in Sources */,
				044711072D4B63860084B26E /* KakaoLocalQuery.swift in Sources */,
				0457057A2D475235000C4CBA /* EmailLoginBody.swift in Sources */,
				04FBE0272D477A73004CCCE6 /* Triangle.swift in Sources */,
				044710FD2D4B4A660084B26E /* Color.swift in Sources */,
				044711032D4B63140084B26E /* KakaoLocalModel.swift in Sources */,
				045705582D466E85000C4CBA /* NetworkError.swift in Sources */,
				04FBE0412D493B5F004CCCE6 /* WritePostFeature.swift in Sources */,
				0457058D2D47561A000C4CBA /* EmailLoginResponse.swift in Sources */,
				045705802D475397000C4CBA /* LoginFeature.swift in Sources */,
				04FBE0322D48A4CD004CCCE6 /* UserDefaultsManager.swift in Sources */,
				0457055D2D467245000C4CBA /* TargetType.swift in Sources */,
				04FBE03F2D4921B8004CCCE6 /* WritePostView.swift in Sources */,
				04FBE03A2D48AB38004CCCE6 /* AuthClient.swift in Sources */,
				04FBE0252D477A59004CCCE6 /* MapMarker.swift in Sources */,
				0457057C2D4752EA000C4CBA /* LoginView.swift in Sources */,
				04FBE0182D47714D004CCCE6 /* HomeView.swift in Sources */,
				0457056E2D467C5F000C4CBA /* ChatTarget.swift in Sources */,
				044711052D4B63500084B26E /* PlaceResponse.swift in Sources */,
			);
			runOnlyForDeploymentPostprocessing = 0;
		};
/* End PBXSourcesBuildPhase section */

/* Begin XCBuildConfiguration section */
		04A39E3F2D4114E0007E3616 /* Debug */ = {
			isa = XCBuildConfiguration;
			baseConfigurationReference = 045705502D46656C000C4CBA /* API.xcconfig */;
			buildSettings = {
				ALWAYS_SEARCH_USER_PATHS = NO;
				ASSETCATALOG_COMPILER_GENERATE_SWIFT_ASSET_SYMBOL_EXTENSIONS = YES;
				CLANG_ANALYZER_NONNULL = YES;
				CLANG_ANALYZER_NUMBER_OBJECT_CONVERSION = YES_AGGRESSIVE;
				CLANG_CXX_LANGUAGE_STANDARD = "gnu++20";
				CLANG_ENABLE_MODULES = YES;
				CLANG_ENABLE_OBJC_ARC = YES;
				CLANG_ENABLE_OBJC_WEAK = YES;
				CLANG_WARN_BLOCK_CAPTURE_AUTORELEASING = YES;
				CLANG_WARN_BOOL_CONVERSION = YES;
				CLANG_WARN_COMMA = YES;
				CLANG_WARN_CONSTANT_CONVERSION = YES;
				CLANG_WARN_DEPRECATED_OBJC_IMPLEMENTATIONS = YES;
				CLANG_WARN_DIRECT_OBJC_ISA_USAGE = YES_ERROR;
				CLANG_WARN_DOCUMENTATION_COMMENTS = YES;
				CLANG_WARN_EMPTY_BODY = YES;
				CLANG_WARN_ENUM_CONVERSION = YES;
				CLANG_WARN_INFINITE_RECURSION = YES;
				CLANG_WARN_INT_CONVERSION = YES;
				CLANG_WARN_NON_LITERAL_NULL_CONVERSION = YES;
				CLANG_WARN_OBJC_IMPLICIT_RETAIN_SELF = YES;
				CLANG_WARN_OBJC_LITERAL_CONVERSION = YES;
				CLANG_WARN_OBJC_ROOT_CLASS = YES_ERROR;
				CLANG_WARN_QUOTED_INCLUDE_IN_FRAMEWORK_HEADER = YES;
				CLANG_WARN_RANGE_LOOP_ANALYSIS = YES;
				CLANG_WARN_STRICT_PROTOTYPES = YES;
				CLANG_WARN_SUSPICIOUS_MOVE = YES;
				CLANG_WARN_UNGUARDED_AVAILABILITY = YES_AGGRESSIVE;
				CLANG_WARN_UNREACHABLE_CODE = YES;
				CLANG_WARN__DUPLICATE_METHOD_MATCH = YES;
				COPY_PHASE_STRIP = NO;
				DEBUG_INFORMATION_FORMAT = dwarf;
				ENABLE_STRICT_OBJC_MSGSEND = YES;
				ENABLE_TESTABILITY = YES;
				ENABLE_USER_SCRIPT_SANDBOXING = YES;
				GCC_C_LANGUAGE_STANDARD = gnu17;
				GCC_DYNAMIC_NO_PIC = NO;
				GCC_NO_COMMON_BLOCKS = YES;
				GCC_OPTIMIZATION_LEVEL = 0;
				GCC_PREPROCESSOR_DEFINITIONS = (
					"DEBUG=1",
					"$(inherited)",
				);
				GCC_WARN_64_TO_32_BIT_CONVERSION = YES;
				GCC_WARN_ABOUT_RETURN_TYPE = YES_ERROR;
				GCC_WARN_UNDECLARED_SELECTOR = YES;
				GCC_WARN_UNINITIALIZED_AUTOS = YES_AGGRESSIVE;
				GCC_WARN_UNUSED_FUNCTION = YES;
				GCC_WARN_UNUSED_VARIABLE = YES;
				IPHONEOS_DEPLOYMENT_TARGET = 18.2;
				LOCALIZATION_PREFERS_STRING_CATALOGS = YES;
				MTL_ENABLE_DEBUG_INFO = INCLUDE_SOURCE;
				MTL_FAST_MATH = YES;
				ONLY_ACTIVE_ARCH = YES;
				SDKROOT = iphoneos;
				SWIFT_ACTIVE_COMPILATION_CONDITIONS = "DEBUG $(inherited)";
				SWIFT_OPTIMIZATION_LEVEL = "-Onone";
			};
			name = Debug;
		};
		04A39E402D4114E0007E3616 /* Release */ = {
			isa = XCBuildConfiguration;
			buildSettings = {
				ALWAYS_SEARCH_USER_PATHS = NO;
				ASSETCATALOG_COMPILER_GENERATE_SWIFT_ASSET_SYMBOL_EXTENSIONS = YES;
				CLANG_ANALYZER_NONNULL = YES;
				CLANG_ANALYZER_NUMBER_OBJECT_CONVERSION = YES_AGGRESSIVE;
				CLANG_CXX_LANGUAGE_STANDARD = "gnu++20";
				CLANG_ENABLE_MODULES = YES;
				CLANG_ENABLE_OBJC_ARC = YES;
				CLANG_ENABLE_OBJC_WEAK = YES;
				CLANG_WARN_BLOCK_CAPTURE_AUTORELEASING = YES;
				CLANG_WARN_BOOL_CONVERSION = YES;
				CLANG_WARN_COMMA = YES;
				CLANG_WARN_CONSTANT_CONVERSION = YES;
				CLANG_WARN_DEPRECATED_OBJC_IMPLEMENTATIONS = YES;
				CLANG_WARN_DIRECT_OBJC_ISA_USAGE = YES_ERROR;
				CLANG_WARN_DOCUMENTATION_COMMENTS = YES;
				CLANG_WARN_EMPTY_BODY = YES;
				CLANG_WARN_ENUM_CONVERSION = YES;
				CLANG_WARN_INFINITE_RECURSION = YES;
				CLANG_WARN_INT_CONVERSION = YES;
				CLANG_WARN_NON_LITERAL_NULL_CONVERSION = YES;
				CLANG_WARN_OBJC_IMPLICIT_RETAIN_SELF = YES;
				CLANG_WARN_OBJC_LITERAL_CONVERSION = YES;
				CLANG_WARN_OBJC_ROOT_CLASS = YES_ERROR;
				CLANG_WARN_QUOTED_INCLUDE_IN_FRAMEWORK_HEADER = YES;
				CLANG_WARN_RANGE_LOOP_ANALYSIS = YES;
				CLANG_WARN_STRICT_PROTOTYPES = YES;
				CLANG_WARN_SUSPICIOUS_MOVE = YES;
				CLANG_WARN_UNGUARDED_AVAILABILITY = YES_AGGRESSIVE;
				CLANG_WARN_UNREACHABLE_CODE = YES;
				CLANG_WARN__DUPLICATE_METHOD_MATCH = YES;
				COPY_PHASE_STRIP = NO;
				DEBUG_INFORMATION_FORMAT = "dwarf-with-dsym";
				ENABLE_NS_ASSERTIONS = NO;
				ENABLE_STRICT_OBJC_MSGSEND = YES;
				ENABLE_USER_SCRIPT_SANDBOXING = YES;
				GCC_C_LANGUAGE_STANDARD = gnu17;
				GCC_NO_COMMON_BLOCKS = YES;
				GCC_WARN_64_TO_32_BIT_CONVERSION = YES;
				GCC_WARN_ABOUT_RETURN_TYPE = YES_ERROR;
				GCC_WARN_UNDECLARED_SELECTOR = YES;
				GCC_WARN_UNINITIALIZED_AUTOS = YES_AGGRESSIVE;
				GCC_WARN_UNUSED_FUNCTION = YES;
				GCC_WARN_UNUSED_VARIABLE = YES;
				IPHONEOS_DEPLOYMENT_TARGET = 18.2;
				LOCALIZATION_PREFERS_STRING_CATALOGS = YES;
				MTL_ENABLE_DEBUG_INFO = NO;
				MTL_FAST_MATH = YES;
				SDKROOT = iphoneos;
				SWIFT_COMPILATION_MODE = wholemodule;
				VALIDATE_PRODUCT = YES;
			};
			name = Release;
		};
		04A39E422D4114E0007E3616 /* Debug */ = {
			isa = XCBuildConfiguration;
			baseConfigurationReference = 045705502D46656C000C4CBA /* API.xcconfig */;
			buildSettings = {
				ASSETCATALOG_COMPILER_APPICON_NAME = AppIcon;
				ASSETCATALOG_COMPILER_GLOBAL_ACCENT_COLOR_NAME = AccentColor;
				CODE_SIGN_STYLE = Automatic;
				CURRENT_PROJECT_VERSION = 1;
				DEVELOPMENT_ASSET_PATHS = "\"TodaySpace/Preview Content\"";
				DEVELOPMENT_TEAM = K7C455FTM9;
				ENABLE_PREVIEWS = YES;
				GENERATE_INFOPLIST_FILE = YES;
				INFOPLIST_FILE = TodaySpace/Info.plist;
				INFOPLIST_KEY_CFBundleDisplayName = "오늘의공간";
				INFOPLIST_KEY_NSLocationWhenInUseUsageDescription = "유저 위치 주변의 게시물을 검색하기 위해 위치정보를 사용합니다.";
				INFOPLIST_KEY_UIApplicationSceneManifest_Generation = YES;
				INFOPLIST_KEY_UIApplicationSupportsIndirectInputEvents = YES;
				INFOPLIST_KEY_UILaunchScreen_Generation = YES;
				INFOPLIST_KEY_UISupportedInterfaceOrientations = UIInterfaceOrientationPortrait;
				IPHONEOS_DEPLOYMENT_TARGET = 17.0;
				LD_RUNPATH_SEARCH_PATHS = (
					"$(inherited)",
					"@executable_path/Frameworks",
				);
				MARKETING_VERSION = 1.0;
				PRODUCT_BUNDLE_IDENTIFIER = com.harvey.todayspace;
				PRODUCT_NAME = "$(TARGET_NAME)";
				SUPPORTED_PLATFORMS = "iphoneos iphonesimulator";
				SUPPORTS_MACCATALYST = NO;
				SUPPORTS_MAC_DESIGNED_FOR_IPHONE_IPAD = NO;
				SUPPORTS_XR_DESIGNED_FOR_IPHONE_IPAD = NO;
				SWIFT_EMIT_LOC_STRINGS = YES;
				SWIFT_VERSION = 5.0;
				TARGETED_DEVICE_FAMILY = 1;
			};
			name = Debug;
		};
		04A39E432D4114E0007E3616 /* Release */ = {
			isa = XCBuildConfiguration;
			buildSettings = {
				ASSETCATALOG_COMPILER_APPICON_NAME = AppIcon;
				ASSETCATALOG_COMPILER_GLOBAL_ACCENT_COLOR_NAME = AccentColor;
				CODE_SIGN_STYLE = Automatic;
				CURRENT_PROJECT_VERSION = 1;
				DEVELOPMENT_ASSET_PATHS = "\"TodaySpace/Preview Content\"";
				DEVELOPMENT_TEAM = K7C455FTM9;
				ENABLE_PREVIEWS = YES;
				GENERATE_INFOPLIST_FILE = YES;
				INFOPLIST_FILE = TodaySpace/Info.plist;
				INFOPLIST_KEY_CFBundleDisplayName = "오늘의공간";
				INFOPLIST_KEY_NSLocationWhenInUseUsageDescription = "유저 위치 주변의 게시물을 검색하기 위해 위치정보를 사용합니다.";
				INFOPLIST_KEY_UIApplicationSceneManifest_Generation = YES;
				INFOPLIST_KEY_UIApplicationSupportsIndirectInputEvents = YES;
				INFOPLIST_KEY_UILaunchScreen_Generation = YES;
				INFOPLIST_KEY_UISupportedInterfaceOrientations = UIInterfaceOrientationPortrait;
				IPHONEOS_DEPLOYMENT_TARGET = 17.0;
				LD_RUNPATH_SEARCH_PATHS = (
					"$(inherited)",
					"@executable_path/Frameworks",
				);
				MARKETING_VERSION = 1.0;
				PRODUCT_BUNDLE_IDENTIFIER = com.harvey.todayspace;
				PRODUCT_NAME = "$(TARGET_NAME)";
				SUPPORTED_PLATFORMS = "iphoneos iphonesimulator";
				SUPPORTS_MACCATALYST = NO;
				SUPPORTS_MAC_DESIGNED_FOR_IPHONE_IPAD = NO;
				SUPPORTS_XR_DESIGNED_FOR_IPHONE_IPAD = NO;
				SWIFT_EMIT_LOC_STRINGS = YES;
				SWIFT_VERSION = 5.0;
				TARGETED_DEVICE_FAMILY = 1;
			};
			name = Release;
		};
/* End XCBuildConfiguration section */

/* Begin XCConfigurationList section */
		04A39E2E2D4114DE007E3616 /* Build configuration list for PBXProject "TodaySpace" */ = {
			isa = XCConfigurationList;
			buildConfigurations = (
				04A39E3F2D4114E0007E3616 /* Debug */,
				04A39E402D4114E0007E3616 /* Release */,
			);
			defaultConfigurationIsVisible = 0;
			defaultConfigurationName = Release;
		};
		04A39E412D4114E0007E3616 /* Build configuration list for PBXNativeTarget "TodaySpace" */ = {
			isa = XCConfigurationList;
			buildConfigurations = (
				04A39E422D4114E0007E3616 /* Debug */,
				04A39E432D4114E0007E3616 /* Release */,
			);
			defaultConfigurationIsVisible = 0;
			defaultConfigurationName = Release;
		};
/* End XCConfigurationList section */

/* Begin XCRemoteSwiftPackageReference section */
		04A39E4E2D41157D007E3616 /* XCRemoteSwiftPackageReference "swift-composable-architecture" */ = {
			isa = XCRemoteSwiftPackageReference;
			repositoryURL = "https://github.com/pointfreeco/swift-composable-architecture.git";
			requirement = {
				kind = upToNextMajorVersion;
				minimumVersion = 1.17.1;
			};
		};
/* End XCRemoteSwiftPackageReference section */

/* Begin XCSwiftPackageProductDependency section */
		04A39E4F2D41157D007E3616 /* ComposableArchitecture */ = {
			isa = XCSwiftPackageProductDependency;
			package = 04A39E4E2D41157D007E3616 /* XCRemoteSwiftPackageReference "swift-composable-architecture" */;
			productName = ComposableArchitecture;
		};
/* End XCSwiftPackageProductDependency section */
	};
	rootObject = 04A39E2B2D4114DE007E3616 /* Project object */;
}
